// !$*UTF8*$!
{
	archiveVersion = 1;
	classes = {
	};
	objectVersion = 55;
	objects = {

/* Begin PBXBuildFile section */
		DC6DF1F327857E45009B93D0 /* AppDelegate.swift in Sources */ = {isa = PBXBuildFile; fileRef = DC6DF1F227857E45009B93D0 /* AppDelegate.swift */; };
		DC6DF1F527857E45009B93D0 /* SceneDelegate.swift in Sources */ = {isa = PBXBuildFile; fileRef = DC6DF1F427857E45009B93D0 /* SceneDelegate.swift */; };
		DC6DF1F727857E45009B93D0 /* ConcentrationViewController.swift in Sources */ = {isa = PBXBuildFile; fileRef = DC6DF1F627857E45009B93D0 /* ConcentrationViewController.swift */; };
		DC6DF1FC27857E47009B93D0 /* Assets.xcassets in Resources */ = {isa = PBXBuildFile; fileRef = DC6DF1FB27857E47009B93D0 /* Assets.xcassets */; };
		DC6DF1FF27857E47009B93D0 /* LaunchScreen.storyboard in Resources */ = {isa = PBXBuildFile; fileRef = DC6DF1FD27857E47009B93D0 /* LaunchScreen.storyboard */; };
		DC6DF208278586BE009B93D0 /* Concentration.swift in Sources */ = {isa = PBXBuildFile; fileRef = DC6DF207278586BE009B93D0 /* Concentration.swift */; };
		DC6DF20A278586F9009B93D0 /* Card.swift in Sources */ = {isa = PBXBuildFile; fileRef = DC6DF209278586F9009B93D0 /* Card.swift */; };
		DC78643C27B155A500D4DFA5 /* CollectionViewCell.swift in Sources */ = {isa = PBXBuildFile; fileRef = DC78643B27B155A500D4DFA5 /* CollectionViewCell.swift */; };
		DCD6877D27A27ED2007330CF /* ThemeRepository.swift in Sources */ = {isa = PBXBuildFile; fileRef = DCD6877C27A27ED2007330CF /* ThemeRepository.swift */; };
		DCD6877F27A2967F007330CF /* ConcentrationPresenter.swift in Sources */ = {isa = PBXBuildFile; fileRef = DCD6877E27A2967F007330CF /* ConcentrationPresenter.swift */; };
/* End PBXBuildFile section */

/* Begin PBXFileReference section */
		DC6DF1EF27857E45009B93D0 /* ProjectConcentration.app */ = {isa = PBXFileReference; explicitFileType = wrapper.application; includeInIndex = 0; path = ProjectConcentration.app; sourceTree = BUILT_PRODUCTS_DIR; };
		DC6DF1F227857E45009B93D0 /* AppDelegate.swift */ = {isa = PBXFileReference; lastKnownFileType = sourcecode.swift; path = AppDelegate.swift; sourceTree = "<group>"; };
		DC6DF1F427857E45009B93D0 /* SceneDelegate.swift */ = {isa = PBXFileReference; lastKnownFileType = sourcecode.swift; path = SceneDelegate.swift; sourceTree = "<group>"; };
		DC6DF1F627857E45009B93D0 /* ConcentrationViewController.swift */ = {isa = PBXFileReference; lastKnownFileType = sourcecode.swift; path = ConcentrationViewController.swift; sourceTree = "<group>"; };
		DC6DF1FB27857E47009B93D0 /* Assets.xcassets */ = {isa = PBXFileReference; lastKnownFileType = folder.assetcatalog; path = Assets.xcassets; sourceTree = "<group>"; };
		DC6DF1FE27857E47009B93D0 /* Base */ = {isa = PBXFileReference; lastKnownFileType = file.storyboard; name = Base; path = Base.lproj/LaunchScreen.storyboard; sourceTree = "<group>"; };
		DC6DF20027857E47009B93D0 /* Info.plist */ = {isa = PBXFileReference; lastKnownFileType = text.plist.xml; path = Info.plist; sourceTree = "<group>"; };
		DC6DF207278586BE009B93D0 /* Concentration.swift */ = {isa = PBXFileReference; lastKnownFileType = sourcecode.swift; path = Concentration.swift; sourceTree = "<group>"; };
		DC6DF209278586F9009B93D0 /* Card.swift */ = {isa = PBXFileReference; lastKnownFileType = sourcecode.swift; path = Card.swift; sourceTree = "<group>"; };
		DC78643B27B155A500D4DFA5 /* CollectionViewCell.swift */ = {isa = PBXFileReference; lastKnownFileType = sourcecode.swift; path = CollectionViewCell.swift; sourceTree = "<group>"; };
		DCD6877C27A27ED2007330CF /* ThemeRepository.swift */ = {isa = PBXFileReference; lastKnownFileType = sourcecode.swift; path = ThemeRepository.swift; sourceTree = "<group>"; };
		DCD6877E27A2967F007330CF /* ConcentrationPresenter.swift */ = {isa = PBXFileReference; lastKnownFileType = sourcecode.swift; path = ConcentrationPresenter.swift; sourceTree = "<group>"; };
/* End PBXFileReference section */

/* Begin PBXFrameworksBuildPhase section */
		DC6DF1EC27857E45009B93D0 /* Frameworks */ = {
			isa = PBXFrameworksBuildPhase;
			buildActionMask = 2147483647;
			files = (
			);
			runOnlyForDeploymentPostprocessing = 0;
		};
/* End PBXFrameworksBuildPhase section */

/* Begin PBXGroup section */
		DC6DF1E627857E45009B93D0 = {
			isa = PBXGroup;
			children = (
				DC6DF1F127857E45009B93D0 /* ProjectConcentration */,
				DC6DF1F027857E45009B93D0 /* Products */,
			);
			sourceTree = "<group>";
		};
		DC6DF1F027857E45009B93D0 /* Products */ = {
			isa = PBXGroup;
			children = (
				DC6DF1EF27857E45009B93D0 /* ProjectConcentration.app */,
			);
			name = Products;
			sourceTree = "<group>";
		};
		DC6DF1F127857E45009B93D0 /* ProjectConcentration */ = {
			isa = PBXGroup;
			children = (
				DC6DF23027918B8C009B93D0 /* ViewModel */,
				DC6DF20E2786E468009B93D0 /* Model */,
				DC6DF20D2786E45F009B93D0 /* View */,
				DC6DF20F2786E476009B93D0 /* Infrastructure */,
				DC6DF23327918D6B009B93D0 /* Extensions */,
				DC6DF20627857F2F009B93D0 /* Supporting Files */,
				DC6DF20027857E47009B93D0 /* Info.plist */,
			);
			path = ProjectConcentration;
			sourceTree = "<group>";
		};
		DC6DF20627857F2F009B93D0 /* Supporting Files */ = {
			isa = PBXGroup;
			children = (
				DC6DF1F227857E45009B93D0 /* AppDelegate.swift */,
				DC6DF1F427857E45009B93D0 /* SceneDelegate.swift */,
				DC6DF1FB27857E47009B93D0 /* Assets.xcassets */,
				DC6DF1FD27857E47009B93D0 /* LaunchScreen.storyboard */,
			);
			path = "Supporting Files";
			sourceTree = "<group>";
		};
		DC6DF20D2786E45F009B93D0 /* View */ = {
			isa = PBXGroup;
			children = (
				DC78643727B1521300D4DFA5 /* Cell */,
				DC6DF1F627857E45009B93D0 /* ConcentrationViewController.swift */,
			);
			path = View;
			sourceTree = "<group>";
		};
		DC6DF20E2786E468009B93D0 /* Model */ = {
			isa = PBXGroup;
			children = (
				DC6DF207278586BE009B93D0 /* Concentration.swift */,
				DC6DF209278586F9009B93D0 /* Card.swift */,
				DCD6877C27A27ED2007330CF /* ThemeRepository.swift */,
			);
			path = Model;
			sourceTree = "<group>";
		};
		DC6DF20F2786E476009B93D0 /* Infrastructure */ = {
			isa = PBXGroup;
			children = (
			);
			path = Infrastructure;
			sourceTree = "<group>";
		};
		DC6DF23027918B8C009B93D0 /* ViewModel */ = {
			isa = PBXGroup;
			children = (
				DCD6877E27A2967F007330CF /* ConcentrationPresenter.swift */,
			);
			path = ViewModel;
			sourceTree = "<group>";
		};
		DC6DF23327918D6B009B93D0 /* Extensions */ = {
			isa = PBXGroup;
			children = (
			);
			path = Extensions;
			sourceTree = "<group>";
		};
		DC78643727B1521300D4DFA5 /* Cell */ = {
			isa = PBXGroup;
			children = (
				DC78643B27B155A500D4DFA5 /* CollectionViewCell.swift */,
			);
			path = Cell;
			sourceTree = "<group>";
		};
/* End PBXGroup section */

/* Begin PBXNativeTarget section */
		DC6DF1EE27857E45009B93D0 /* ProjectConcentration */ = {
			isa = PBXNativeTarget;
			buildConfigurationList = DC6DF20327857E47009B93D0 /* Build configuration list for PBXNativeTarget "ProjectConcentration" */;
			buildPhases = (
				DC6DF1EB27857E45009B93D0 /* Sources */,
				DC6DF1EC27857E45009B93D0 /* Frameworks */,
				DC6DF1ED27857E45009B93D0 /* Resources */,
			);
			buildRules = (
			);
			dependencies = (
			);
			name = ProjectConcentration;
			productName = ProjectConcentration;
			productReference = DC6DF1EF27857E45009B93D0 /* ProjectConcentration.app */;
			productType = "com.apple.product-type.application";
		};
/* End PBXNativeTarget section */

/* Begin PBXProject section */
		DC6DF1E727857E45009B93D0 /* Project object */ = {
			isa = PBXProject;
			attributes = {
				BuildIndependentTargetsInParallel = 1;
				LastSwiftUpdateCheck = 1320;
				LastUpgradeCheck = 1320;
				TargetAttributes = {
					DC6DF1EE27857E45009B93D0 = {
						CreatedOnToolsVersion = 13.2.1;
					};
				};
			};
			buildConfigurationList = DC6DF1EA27857E45009B93D0 /* Build configuration list for PBXProject "ProjectConcentration" */;
			compatibilityVersion = "Xcode 13.0";
			developmentRegion = en;
			hasScannedForEncodings = 0;
			knownRegions = (
				en,
				Base,
			);
			mainGroup = DC6DF1E627857E45009B93D0;
			productRefGroup = DC6DF1F027857E45009B93D0 /* Products */;
			projectDirPath = "";
			projectRoot = "";
			targets = (
				DC6DF1EE27857E45009B93D0 /* ProjectConcentration */,
			);
		};
/* End PBXProject section */

/* Begin PBXResourcesBuildPhase section */
		DC6DF1ED27857E45009B93D0 /* Resources */ = {
			isa = PBXResourcesBuildPhase;
			buildActionMask = 2147483647;
			files = (
				DC6DF1FF27857E47009B93D0 /* LaunchScreen.storyboard in Resources */,
				DC6DF1FC27857E47009B93D0 /* Assets.xcassets in Resources */,
			);
			runOnlyForDeploymentPostprocessing = 0;
		};
/* End PBXResourcesBuildPhase section */

/* Begin PBXSourcesBuildPhase section */
		DC6DF1EB27857E45009B93D0 /* Sources */ = {
			isa = PBXSourcesBuildPhase;
			buildActionMask = 2147483647;
			files = (
				DC6DF1F727857E45009B93D0 /* ConcentrationViewController.swift in Sources */,
				DC6DF208278586BE009B93D0 /* Concentration.swift in Sources */,
				DC78643C27B155A500D4DFA5 /* CollectionViewCell.swift in Sources */,
				DC6DF20A278586F9009B93D0 /* Card.swift in Sources */,
				DC6DF1F327857E45009B93D0 /* AppDelegate.swift in Sources */,
				DC6DF1F527857E45009B93D0 /* SceneDelegate.swift in Sources */,
				DCD6877D27A27ED2007330CF /* ThemeRepository.swift in Sources */,
				DCD6877F27A2967F007330CF /* ConcentrationPresenter.swift in Sources */,
			);
			runOnlyForDeploymentPostprocessing = 0;
		};
/* End PBXSourcesBuildPhase section */

/* Begin PBXVariantGroup section */
		DC6DF1FD27857E47009B93D0 /* LaunchScreen.storyboard */ = {
			isa = PBXVariantGroup;
			children = (
				DC6DF1FE27857E47009B93D0 /* Base */,
			);
			name = LaunchScreen.storyboard;
			sourceTree = "<group>";
		};
/* End PBXVariantGroup section */

/* Begin XCBuildConfiguration section */
		DC6DF20127857E47009B93D0 /* Debug */ = {
			isa = XCBuildConfiguration;
			buildSettings = {
				ALWAYS_SEARCH_USER_PATHS = NO;
				CLANG_ANALYZER_NONNULL = YES;
				CLANG_ANALYZER_NUMBER_OBJECT_CONVERSION = YES_AGGRESSIVE;
				CLANG_CXX_LANGUAGE_STANDARD = "gnu++17";
				CLANG_CXX_LIBRARY = "libc++";
				CLANG_ENABLE_MODULES = YES;
				CLANG_ENABLE_OBJC_ARC = YES;
				CLANG_ENABLE_OBJC_WEAK = YES;
				CLANG_WARN_BLOCK_CAPTURE_AUTORELEASING = YES;
				CLANG_WARN_BOOL_CONVERSION = YES;
				CLANG_WARN_COMMA = YES;
				CLANG_WARN_CONSTANT_CONVERSION = YES;
				CLANG_WARN_DEPRECATED_OBJC_IMPLEMENTATIONS = YES;
				CLANG_WARN_DIRECT_OBJC_ISA_USAGE = YES_ERROR;
				CLANG_WARN_DOCUMENTATION_COMMENTS = YES;
				CLANG_WARN_EMPTY_BODY = YES;
				CLANG_WARN_ENUM_CONVERSION = YES;
				CLANG_WARN_INFINITE_RECURSION = YES;
				CLANG_WARN_INT_CONVERSION = YES;
				CLANG_WARN_NON_LITERAL_NULL_CONVERSION = YES;
				CLANG_WARN_OBJC_IMPLICIT_RETAIN_SELF = YES;
				CLANG_WARN_OBJC_LITERAL_CONVERSION = YES;
				CLANG_WARN_OBJC_ROOT_CLASS = YES_ERROR;
				CLANG_WARN_QUOTED_INCLUDE_IN_FRAMEWORK_HEADER = YES;
				CLANG_WARN_RANGE_LOOP_ANALYSIS = YES;
				CLANG_WARN_STRICT_PROTOTYPES = YES;
				CLANG_WARN_SUSPICIOUS_MOVE = YES;
				CLANG_WARN_UNGUARDED_AVAILABILITY = YES_AGGRESSIVE;
				CLANG_WARN_UNREACHABLE_CODE = YES;
				CLANG_WARN__DUPLICATE_METHOD_MATCH = YES;
				COPY_PHASE_STRIP = NO;
				DEBUG_INFORMATION_FORMAT = dwarf;
				ENABLE_STRICT_OBJC_MSGSEND = YES;
				ENABLE_TESTABILITY = YES;
				GCC_C_LANGUAGE_STANDARD = gnu11;
				GCC_DYNAMIC_NO_PIC = NO;
				GCC_NO_COMMON_BLOCKS = YES;
				GCC_OPTIMIZATION_LEVEL = 0;
				GCC_PREPROCESSOR_DEFINITIONS = (
					"DEBUG=1",
					"$(inherited)",
				);
				GCC_WARN_64_TO_32_BIT_CONVERSION = YES;
				GCC_WARN_ABOUT_RETURN_TYPE = YES_ERROR;
				GCC_WARN_UNDECLARED_SELECTOR = YES;
				GCC_WARN_UNINITIALIZED_AUTOS = YES_AGGRESSIVE;
				GCC_WARN_UNUSED_FUNCTION = YES;
				GCC_WARN_UNUSED_VARIABLE = YES;
				IPHONEOS_DEPLOYMENT_TARGET = 15.2;
				MTL_ENABLE_DEBUG_INFO = INCLUDE_SOURCE;
				MTL_FAST_MATH = YES;
				ONLY_ACTIVE_ARCH = YES;
				SDKROOT = iphoneos;
				SWIFT_ACTIVE_COMPILATION_CONDITIONS = DEBUG;
				SWIFT_OPTIMIZATION_LEVEL = "-Onone";
			};
			name = Debug;
		};
		DC6DF20227857E47009B93D0 /* Release */ = {
			isa = XCBuildConfiguration;
			buildSettings = {
				ALWAYS_SEARCH_USER_PATHS = NO;
				CLANG_ANALYZER_NONNULL = YES;
				CLANG_ANALYZER_NUMBER_OBJECT_CONVERSION = YES_AGGRESSIVE;
				CLANG_CXX_LANGUAGE_STANDARD = "gnu++17";
				CLANG_CXX_LIBRARY = "libc++";
				CLANG_ENABLE_MODULES = YES;
				CLANG_ENABLE_OBJC_ARC = YES;
				CLANG_ENABLE_OBJC_WEAK = YES;
				CLANG_WARN_BLOCK_CAPTURE_AUTORELEASING = YES;
				CLANG_WARN_BOOL_CONVERSION = YES;
				CLANG_WARN_COMMA = YES;
				CLANG_WARN_CONSTANT_CONVERSION = YES;
				CLANG_WARN_DEPRECATED_OBJC_IMPLEMENTATIONS = YES;
				CLANG_WARN_DIRECT_OBJC_ISA_USAGE = YES_ERROR;
				CLANG_WARN_DOCUMENTATION_COMMENTS = YES;
				CLANG_WARN_EMPTY_BODY = YES;
				CLANG_WARN_ENUM_CONVERSION = YES;
				CLANG_WARN_INFINITE_RECURSION = YES;
				CLANG_WARN_INT_CONVERSION = YES;
				CLANG_WARN_NON_LITERAL_NULL_CONVERSION = YES;
				CLANG_WARN_OBJC_IMPLICIT_RETAIN_SELF = YES;
				CLANG_WARN_OBJC_LITERAL_CONVERSION = YES;
				CLANG_WARN_OBJC_ROOT_CLASS = YES_ERROR;
				CLANG_WARN_QUOTED_INCLUDE_IN_FRAMEWORK_HEADER = YES;
				CLANG_WARN_RANGE_LOOP_ANALYSIS = YES;
				CLANG_WARN_STRICT_PROTOTYPES = YES;
				CLANG_WARN_SUSPICIOUS_MOVE = YES;
				CLANG_WARN_UNGUARDED_AVAILABILITY = YES_AGGRESSIVE;
				CLANG_WARN_UNREACHABLE_CODE = YES;
				CLANG_WARN__DUPLICATE_METHOD_MATCH = YES;
				COPY_PHASE_STRIP = NO;
				DEBUG_INFORMATION_FORMAT = "dwarf-with-dsym";
				ENABLE_NS_ASSERTIONS = NO;
				ENABLE_STRICT_OBJC_MSGSEND = YES;
				GCC_C_LANGUAGE_STANDARD = gnu11;
				GCC_NO_COMMON_BLOCKS = YES;
				GCC_WARN_64_TO_32_BIT_CONVERSION = YES;
				GCC_WARN_ABOUT_RETURN_TYPE = YES_ERROR;
				GCC_WARN_UNDECLARED_SELECTOR = YES;
				GCC_WARN_UNINITIALIZED_AUTOS = YES_AGGRESSIVE;
				GCC_WARN_UNUSED_FUNCTION = YES;
				GCC_WARN_UNUSED_VARIABLE = YES;
				IPHONEOS_DEPLOYMENT_TARGET = 15.2;
				MTL_ENABLE_DEBUG_INFO = NO;
				MTL_FAST_MATH = YES;
				SDKROOT = iphoneos;
				SWIFT_COMPILATION_MODE = wholemodule;
				SWIFT_OPTIMIZATION_LEVEL = "-O";
				VALIDATE_PRODUCT = YES;
			};
			name = Release;
		};
		DC6DF20427857E47009B93D0 /* Debug */ = {
			isa = XCBuildConfiguration;
			buildSettings = {
				ASSETCATALOG_COMPILER_APPICON_NAME = AppIcon;
				ASSETCATALOG_COMPILER_GLOBAL_ACCENT_COLOR_NAME = AccentColor;
				CODE_SIGN_STYLE = Automatic;
				CURRENT_PROJECT_VERSION = 1;
				GENERATE_INFOPLIST_FILE = YES;
				INFOPLIST_FILE = ProjectConcentration/Info.plist;
				INFOPLIST_KEY_UIApplicationSupportsIndirectInputEvents = YES;
				INFOPLIST_KEY_UILaunchStoryboardName = LaunchScreen;
				INFOPLIST_KEY_UISupportedInterfaceOrientations_iPad = "UIInterfaceOrientationPortrait UIInterfaceOrientationPortraitUpsideDown UIInterfaceOrientationLandscapeLeft UIInterfaceOrientationLandscapeRight";
				INFOPLIST_KEY_UISupportedInterfaceOrientations_iPhone = "UIInterfaceOrientationPortrait UIInterfaceOrientationLandscapeLeft UIInterfaceOrientationLandscapeRight";
				LD_RUNPATH_SEARCH_PATHS = (
					"$(inherited)",
					"@executable_path/Frameworks",
				);
				MARKETING_VERSION = 1.0;
				PRODUCT_BUNDLE_IDENTIFIER = ltsi.ProjectConcentration;
				PRODUCT_NAME = "$(TARGET_NAME)";
				SWIFT_EMIT_LOC_STRINGS = YES;
				SWIFT_VERSION = 5.0;
				TARGETED_DEVICE_FAMILY = "1,2";
			};
			name = Debug;
		};
		DC6DF20527857E47009B93D0 /* Release */ = {
			isa = XCBuildConfiguration;
			buildSettings = {
				ASSETCATALOG_COMPILER_APPICON_NAME = AppIcon;
				ASSETCATALOG_COMPILER_GLOBAL_ACCENT_COLOR_NAME = AccentColor;
				CODE_SIGN_STYLE = Automatic;
				CURRENT_PROJECT_VERSION = 1;
				GENERATE_INFOPLIST_FILE = YES;
				INFOPLIST_FILE = ProjectConcentration/Info.plist;
				INFOPLIST_KEY_UIApplicationSupportsIndirectInputEvents = YES;
				INFOPLIST_KEY_UILaunchStoryboardName = LaunchScreen;
				INFOPLIST_KEY_UISupportedInterfaceOrientations_iPad = "UIInterfaceOrientationPortrait UIInterfaceOrientationPortraitUpsideDown UIInterfaceOrientationLandscapeLeft UIInterfaceOrientationLandscapeRight";
				INFOPLIST_KEY_UISupportedInterfaceOrientations_iPhone = "UIInterfaceOrientationPortrait UIInterfaceOrientationLandscapeLeft UIInterfaceOrientationLandscapeRight";
				LD_RUNPATH_SEARCH_PATHS = (
					"$(inherited)",
					"@executable_path/Frameworks",
				);
				MARKETING_VERSION = 1.0;
				PRODUCT_BUNDLE_IDENTIFIER = ltsi.ProjectConcentration;
				PRODUCT_NAME = "$(TARGET_NAME)";
				SWIFT_EMIT_LOC_STRINGS = YES;
				SWIFT_VERSION = 5.0;
				TARGETED_DEVICE_FAMILY = "1,2";
			};
			name = Release;
		};
/* End XCBuildConfiguration section */

/* Begin XCConfigurationList section */
		DC6DF1EA27857E45009B93D0 /* Build configuration list for PBXProject "ProjectConcentration" */ = {
			isa = XCConfigurationList;
			buildConfigurations = (
				DC6DF20127857E47009B93D0 /* Debug */,
				DC6DF20227857E47009B93D0 /* Release */,
			);
			defaultConfigurationIsVisible = 0;
			defaultConfigurationName = Release;
		};
		DC6DF20327857E47009B93D0 /* Build configuration list for PBXNativeTarget "ProjectConcentration" */ = {
			isa = XCConfigurationList;
			buildConfigurations = (
				DC6DF20427857E47009B93D0 /* Debug */,
				DC6DF20527857E47009B93D0 /* Release */,
			);
			defaultConfigurationIsVisible = 0;
			defaultConfigurationName = Release;
		};
/* End XCConfigurationList section */
	};
	rootObject = DC6DF1E727857E45009B93D0 /* Project object */;
}
